// !$*UTF8*$!
{
	archiveVersion = 1;
	classes = {
	};
	objectVersion = 50;
	objects = {

/* Begin PBXBuildFile section */
		A075642B22D85CF60039AE0E /* AppDelegate.m in Sources */ = {isa = PBXBuildFile; fileRef = A075642A22D85CF60039AE0E /* AppDelegate.m */; };
		A075642E22D85CF60039AE0E /* ViewController.m in Sources */ = {isa = PBXBuildFile; fileRef = A075642D22D85CF60039AE0E /* ViewController.m */; };
		A075643122D85CF60039AE0E /* Main.storyboard in Resources */ = {isa = PBXBuildFile; fileRef = A075642F22D85CF60039AE0E /* Main.storyboard */; };
		A075643322D85CF80039AE0E /* Assets.xcassets in Resources */ = {isa = PBXBuildFile; fileRef = A075643222D85CF80039AE0E /* Assets.xcassets */; };
		A075643622D85CF80039AE0E /* LaunchScreen.storyboard in Resources */ = {isa = PBXBuildFile; fileRef = A075643422D85CF80039AE0E /* LaunchScreen.storyboard */; };
		A075643922D85CF80039AE0E /* main.m in Sources */ = {isa = PBXBuildFile; fileRef = A075643822D85CF80039AE0E /* main.m */; };
/* End PBXBuildFile section */

/* Begin PBXFileReference section */
		A075642622D85CF60039AE0E /* AppAndWeb.app */ = {isa = PBXFileReference; explicitFileType = wrapper.application; includeInIndex = 0; path = AppAndWeb.app; sourceTree = BUILT_PRODUCTS_DIR; };
		A075642922D85CF60039AE0E /* AppDelegate.h */ = {isa = PBXFileReference; lastKnownFileType = sourcecode.c.h; path = AppDelegate.h; sourceTree = "<group>"; };
		A075642A22D85CF60039AE0E /* AppDelegate.m */ = {isa = PBXFileReference; lastKnownFileType = sourcecode.c.objc; path = AppDelegate.m; sourceTree = "<group>"; };
		A075642C22D85CF60039AE0E /* ViewController.h */ = {isa = PBXFileReference; lastKnownFileType = sourcecode.c.h; path = ViewController.h; sourceTree = "<group>"; };
		A075642D22D85CF60039AE0E /* ViewController.m */ = {isa = PBXFileReference; lastKnownFileType = sourcecode.c.objc; path = ViewController.m; sourceTree = "<group>"; };
		A075643022D85CF60039AE0E /* Base */ = {isa = PBXFileReference; lastKnownFileType = file.storyboard; name = Base; path = Base.lproj/Main.storyboard; sourceTree = "<group>"; };
		A075643222D85CF80039AE0E /* Assets.xcassets */ = {isa = PBXFileReference; lastKnownFileType = folder.assetcatalog; path = Assets.xcassets; sourceTree = "<group>"; };
		A075643522D85CF80039AE0E /* Base */ = {isa = PBXFileReference; lastKnownFileType = file.storyboard; name = Base; path = Base.lproj/LaunchScreen.storyboard; sourceTree = "<group>"; };
		A075643722D85CF80039AE0E /* Info.plist */ = {isa = PBXFileReference; lastKnownFileType = text.plist.xml; path = Info.plist; sourceTree = "<group>"; };
		A075643822D85CF80039AE0E /* main.m */ = {isa = PBXFileReference; lastKnownFileType = sourcecode.c.objc; path = main.m; sourceTree = "<group>"; };
/* End PBXFileReference section */

/* Begin PBXFrameworksBuildPhase section */
		A075642322D85CF60039AE0E /* Frameworks */ = {
			isa = PBXFrameworksBuildPhase;
			buildActionMask = 2147483647;
			files = (
			);
			runOnlyForDeploymentPostprocessing = 0;
		};
/* End PBXFrameworksBuildPhase section */

/* Begin PBXGroup section */
		A075641D22D85CF60039AE0E = {
			isa = PBXGroup;
			children = (
				A075642822D85CF60039AE0E /* AppAndWeb */,
				A075642722D85CF60039AE0E /* Products */,
			);
			sourceTree = "<group>";
		};
		A075642722D85CF60039AE0E /* Products */ = {
			isa = PBXGroup;
			children = (
				A075642622D85CF60039AE0E /* AppAndWeb.app */,
			);
			name = Products;
			sourceTree = "<group>";
		};
		A075642822D85CF60039AE0E /* AppAndWeb */ = {
			isa = PBXGroup;
			children = (
				A075642922D85CF60039AE0E /* AppDelegate.h */,
				A075642A22D85CF60039AE0E /* AppDelegate.m */,
				A075642C22D85CF60039AE0E /* ViewController.h */,
				A075642D22D85CF60039AE0E /* ViewController.m */,
				A075642F22D85CF60039AE0E /* Main.storyboard */,
				A075643222D85CF80039AE0E /* Assets.xcassets */,
				A075643422D85CF80039AE0E /* LaunchScreen.storyboard */,
				A075643722D85CF80039AE0E /* Info.plist */,
				A075643822D85CF80039AE0E /* main.m */,
			);
			path = AppAndWeb;
			sourceTree = "<group>";
		};
/* End PBXGroup section */

/* Begin PBXNativeTarget section */
		A075642522D85CF60039AE0E /* AppAndWeb */ = {
			isa = PBXNativeTarget;
			buildConfigurationList = A075643C22D85CF80039AE0E /* Build configuration list for PBXNativeTarget "AppAndWeb" */;
			buildPhases = (
				A075642222D85CF60039AE0E /* Sources */,
				A075642322D85CF60039AE0E /* Frameworks */,
				A075642422D85CF60039AE0E /* Resources */,
			);
			buildRules = (
			);
			dependencies = (
			);
			name = AppAndWeb;
			productName = AppAndWeb;
			productReference = A075642622D85CF60039AE0E /* AppAndWeb.app */;
			productType = "com.apple.product-type.application";
		};
/* End PBXNativeTarget section */

/* Begin PBXProject section */
		A075641E22D85CF60039AE0E /* Project object */ = {
			isa = PBXProject;
			attributes = {
				LastUpgradeCheck = 1020;
				ORGANIZATIONNAME = zhouzezhou;
				TargetAttributes = {
					A075642522D85CF60039AE0E = {
						CreatedOnToolsVersion = 10.2.1;
					};
				};
			};
			buildConfigurationList = A075642122D85CF60039AE0E /* Build configuration list for PBXProject "AppAndWeb" */;
			compatibilityVersion = "Xcode 9.3";
			developmentRegion = en;
			hasScannedForEncodings = 0;
			knownRegions = (
				en,
				Base,
			);
			mainGroup = A075641D22D85CF60039AE0E;
			productRefGroup = A075642722D85CF60039AE0E /* Products */;
			projectDirPath = "";
			projectRoot = "";
			targets = (
				A075642522D85CF60039AE0E /* AppAndWeb */,
			);
		};
/* End PBXProject section */

/* Begin PBXResourcesBuildPhase section */
		A075642422D85CF60039AE0E /* Resources */ = {
			isa = PBXResourcesBuildPhase;
			buildActionMask = 2147483647;
			files = (
				A075643622D85CF80039AE0E /* LaunchScreen.storyboard in Resources */,
				A075643322D85CF80039AE0E /* Assets.xcassets in Resources */,
				A075643122D85CF60039AE0E /* Main.storyboard in Resources */,
			);
			runOnlyForDeploymentPostprocessing = 0;
		};
/* End PBXResourcesBuildPhase section */

/* Begin PBXSourcesBuildPhase section */
		A075642222D85CF60039AE0E /* Sources */ = {
			isa = PBXSourcesBuildPhase;
			buildActionMask = 2147483647;
			files = (
				A075642E22D85CF60039AE0E /* ViewController.m in Sources */,
				A075643922D85CF80039AE0E /* main.m in Sources */,
				A075642B22D85CF60039AE0E /* AppDelegate.m in Sources */,
			);
			runOnlyForDeploymentPostprocessing = 0;
		};
/* End PBXSourcesBuildPhase section */

/* Begin PBXVariantGroup section */
		A075642F22D85CF60039AE0E /* Main.storyboard */ = {
			isa = PBXVariantGroup;
			children = (
				A075643022D85CF60039AE0E /* Base */,
			);
			name = Main.storyboard;
			sourceTree = "<group>";
		};
		A075643422D85CF80039AE0E /* LaunchScreen.storyboard */ = {
			isa = PBXVariantGroup;
			children = (
				A075643522D85CF80039AE0E /* Base */,
			);
			name = LaunchScreen.storyboard;
			sourceTree = "<group>";
		};
/* End PBXVariantGroup section */

/* Begin XCBuildConfiguration section */
		A075643A22D85CF80039AE0E /* Debug */ = {
			isa = XCBuildConfiguration;
			buildSettings = {
				ALWAYS_SEARCH_USER_PATHS = NO;
				CLANG_ANALYZER_NONNULL = YES;
				CLANG_ANALYZER_NUMBER_OBJECT_CONVERSION = YES_AGGRESSIVE;
				CLANG_CXX_LANGUAGE_STANDARD = "gnu++14";
				CLANG_CXX_LIBRARY = "libc++";
				CLANG_ENABLE_MODULES = YES;
				CLANG_ENABLE_OBJC_ARC = YES;
				CLANG_ENABLE_OBJC_WEAK = YES;
				CLANG_WARN_BLOCK_CAPTURE_AUTORELEASING = YES;
				CLANG_WARN_BOOL_CONVERSION = YES;
				CLANG_WARN_COMMA = YES;
				CLANG_WARN_CONSTANT_CONVERSION = YES;
				CLANG_WARN_DEPRECATED_OBJC_IMPLEMENTATIONS = YES;
				CLANG_WARN_DIRECT_OBJC_ISA_USAGE = YES_ERROR;
				CLANG_WARN_DOCUMENTATION_COMMENTS = YES;
				CLANG_WARN_EMPTY_BODY = YES;
				CLANG_WARN_ENUM_CONVERSION = YES;
				CLANG_WARN_INFINITE_RECURSION = YES;
				CLANG_WARN_INT_CONVERSION = YES;
				CLANG_WARN_NON_LITERAL_NULL_CONVERSION = YES;
				CLANG_WARN_OBJC_IMPLICIT_RETAIN_SELF = YES;
				CLANG_WARN_OBJC_LITERAL_CONVERSION = YES;
				CLANG_WARN_OBJC_ROOT_CLASS = YES_ERROR;
				CLANG_WARN_RANGE_LOOP_ANALYSIS = YES;
				CLANG_WARN_STRICT_PROTOTYPES = YES;
				CLANG_WARN_SUSPICIOUS_MOVE = YES;
				CLANG_WARN_UNGUARDED_AVAILABILITY = YES_AGGRESSIVE;
				CLANG_WARN_UNREACHABLE_CODE = YES;
				CLANG_WARN__DUPLICATE_METHOD_MATCH = YES;
				CODE_SIGN_IDENTITY = "iPhone Developer";
				COPY_PHASE_STRIP = NO;
				DEBUG_INFORMATION_FORMAT = dwarf;
				ENABLE_STRICT_OBJC_MSGSEND = YES;
				ENABLE_TESTABILITY = YES;
				GCC_C_LANGUAGE_STANDARD = gnu11;
				GCC_DYNAMIC_NO_PIC = NO;
				GCC_NO_COMMON_BLOCKS = YES;
				GCC_OPTIMIZATION_LEVEL = 0;
				GCC_PREPROCESSOR_DEFINITIONS = (
					"DEBUG=1",
					"$(inherited)",
				);
				GCC_WARN_64_TO_32_BIT_CONVERSION = YES;
				GCC_WARN_ABOUT_RETURN_TYPE = YES_ERROR;
				GCC_WARN_UNDECLARED_SELECTOR = YES;
				GCC_WARN_UNINITIALIZED_AUTOS = YES_AGGRESSIVE;
				GCC_WARN_UNUSED_FUNCTION = YES;
				GCC_WARN_UNUSED_VARIABLE = YES;
				IPHONEOS_DEPLOYMENT_TARGET = 12.2;
				MTL_ENABLE_DEBUG_INFO = INCLUDE_SOURCE;
				MTL_FAST_MATH = YES;
				ONLY_ACTIVE_ARCH = YES;
				SDKROOT = iphoneos;
			};
			name = Debug;
		};
		A075643B22D85CF80039AE0E /* Release */ = {
			isa = XCBuildConfiguration;
			buildSettings = {
				ALWAYS_SEARCH_USER_PATHS = NO;
				CLANG_ANALYZER_NONNULL = YES;
				CLANG_ANALYZER_NUMBER_OBJECT_CONVERSION = YES_AGGRESSIVE;
				CLANG_CXX_LANGUAGE_STANDARD = "gnu++14";
				CLANG_CXX_LIBRARY = "libc++";
				CLANG_ENABLE_MODULES = YES;
				CLANG_ENABLE_OBJC_ARC = YES;
				CLANG_ENABLE_OBJC_WEAK = YES;
				CLANG_WARN_BLOCK_CAPTURE_AUTORELEASING = YES;
				CLANG_WARN_BOOL_CONVERSION = YES;
				CLANG_WARN_COMMA = YES;
				CLANG_WARN_CONSTANT_CONVERSION = YES;
				CLANG_WARN_DEPRECATED_OBJC_IMPLEMENTATIONS = YES;
				CLANG_WARN_DIRECT_OBJC_ISA_USAGE = YES_ERROR;
				CLANG_WARN_DOCUMENTATION_COMMENTS = YES;
				CLANG_WARN_EMPTY_BODY = YES;
				CLANG_WARN_ENUM_CONVERSION = YES;
				CLANG_WARN_INFINITE_RECURSION = YES;
				CLANG_WARN_INT_CONVERSION = YES;
				CLANG_WARN_NON_LITERAL_NULL_CONVERSION = YES;
				CLANG_WARN_OBJC_IMPLICIT_RETAIN_SELF = YES;
				CLANG_WARN_OBJC_LITERAL_CONVERSION = YES;
				CLANG_WARN_OBJC_ROOT_CLASS = YES_ERROR;
				CLANG_WARN_RANGE_LOOP_ANALYSIS = YES;
				CLANG_WARN_STRICT_PROTOTYPES = YES;
				CLANG_WARN_SUSPICIOUS_MOVE = YES;
				CLANG_WARN_UNGUARDED_AVAILABILITY = YES_AGGRESSIVE;
				CLANG_WARN_UNREACHABLE_CODE = YES;
				CLANG_WARN__DUPLICATE_METHOD_MATCH = YES;
				CODE_SIGN_IDENTITY = "iPhone Developer";
				COPY_PHASE_STRIP = NO;
				DEBUG_INFORMATION_FORMAT = "dwarf-with-dsym";
				ENABLE_NS_ASSERTIONS = NO;
				ENABLE_STRICT_OBJC_MSGSEND = YES;
				GCC_C_LANGUAGE_STANDARD = gnu11;
				GCC_NO_COMMON_BLOCKS = YES;
				GCC_WARN_64_TO_32_BIT_CONVERSION = YES;
				GCC_WARN_ABOUT_RETURN_TYPE = YES_ERROR;
				GCC_WARN_UNDECLARED_SELECTOR = YES;
				GCC_WARN_UNINITIALIZED_AUTOS = YES_AGGRESSIVE;
				GCC_WARN_UNUSED_FUNCTION = YES;
				GCC_WARN_UNUSED_VARIABLE = YES;
				IPHONEOS_DEPLOYMENT_TARGET = 12.2;
				MTL_ENABLE_DEBUG_INFO = NO;
				MTL_FAST_MATH = YES;
				SDKROOT = iphoneos;
				VALIDATE_PRODUCT = YES;
			};
			name = Release;
		};
		A075643D22D85CF80039AE0E /* Debug */ = {
			isa = XCBuildConfiguration;
			buildSettings = {
				ASSETCATALOG_COMPILER_APPICON_NAME = AppIcon;
				CODE_SIGN_IDENTITY = "iPhone Developer: Zezhou Zhou (5Z28S55889)";
				CODE_SIGN_STYLE = Manual;
				DEVELOPMENT_TEAM = CB29T9LDGP;
				INFOPLIST_FILE = AppAndWeb/Info.plist;
				LD_RUNPATH_SEARCH_PATHS = (
					"$(inherited)",
					"@executable_path/Frameworks",
				);
				PRODUCT_BUNDLE_IDENTIFIER = zzz.dev.demo3;
				PRODUCT_NAME = "$(TARGET_NAME)";
				PROVISIONING_PROFILE_SPECIFIER = "Zzz DEMO Project 3 Dev";
				TARGETED_DEVICE_FAMILY = "1,2";
			};
			name = Debug;
		};
		A075643E22D85CF80039AE0E /* Release */ = {
			isa = XCBuildConfiguration;
			buildSettings = {
				ASSETCATALOG_COMPILER_APPICON_NAME = AppIcon;
				CODE_SIGN_IDENTITY = "iPhone Developer: Zezhou Zhou (5Z28S55889)";
				CODE_SIGN_STYLE = Manual;
				DEVELOPMENT_TEAM = CB29T9LDGP;
				INFOPLIST_FILE = AppAndWeb/Info.plist;
				LD_RUNPATH_SEARCH_PATHS = (
					"$(inherited)",
					"@executable_path/Frameworks",
				);
				PRODUCT_BUNDLE_IDENTIFIER = zzz.dev.demo3;
				PRODUCT_NAME = "$(TARGET_NAME)";
				PROVISIONING_PROFILE_SPECIFIER = "Zzz DEMO Project 3 Dev";
				TARGETED_DEVICE_FAMILY = "1,2";
			};
			name = Release;
		};
/* End XCBuildConfiguration section */

/* Begin XCConfigurationList section */
		A075642122D85CF60039AE0E /* Build configuration list for PBXProject "AppAndWeb" */ = {
			isa = XCConfigurationList;
			buildConfigurations = (
				A075643A22D85CF80039AE0E /* Debug */,
				A075643B22D85CF80039AE0E /* Release */,
			);
			defaultConfigurationIsVisible = 0;
			defaultConfigurationName = Release;
		};
		A075643C22D85CF80039AE0E /* Build configuration list for PBXNativeTarget "AppAndWeb" */ = {
			isa = XCConfigurationList;
			buildConfigurations = (
				A075643D22D85CF80039AE0E /* Debug */,
				A075643E22D85CF80039AE0E /* Release */,
			);
			defaultConfigurationIsVisible = 0;
			defaultConfigurationName = Release;
		};
/* End XCConfigurationList section */
	};
	rootObject = A075641E22D85CF60039AE0E /* Project object */;
}
